lockfileVersion: '9.0'

settings:
  autoInstallPeers: true
  excludeLinksFromLockfile: false

overrides:
  vite: npm:rolldown-vite@7.1.12

importers:

  .:
    dependencies:
      '@pixi/app':
        specifier: ^7.4.3
        version: 7.4.3(@pixi/core@7.4.3)(@pixi/display@7.4.3(@pixi/core@7.4.3))
      '@pixi/constants':
        specifier: ^7.4.3
        version: 7.4.3
      '@pixi/core':
        specifier: ^7.4.3
        version: 7.4.3
      '@pixi/display':
        specifier: ^7.4.3
        version: 7.4.3(@pixi/core@7.4.3)
      '@pixi/filter-drop-shadow':
        specifier: ^5.2.0
        version: 5.2.0(@pixi/core@7.4.3)
      '@pixi/graphics':
        specifier: ^7.4.3
        version: 7.4.3(@pixi/core@7.4.3)(@pixi/display@7.4.3(@pixi/core@7.4.3))(@pixi/sprite@7.4.3(@pixi/core@7.4.3)(@pixi/display@7.4.3(@pixi/core@7.4.3)))
      '@pixi/text':
        specifier: ^7.4.3
        version: 7.4.3(@pixi/core@7.4.3)(@pixi/sprite@7.4.3(@pixi/core@7.4.3)(@pixi/display@7.4.3(@pixi/core@7.4.3)))
      '@pixi/utils':
        specifier: ^7.4.3
        version: 7.4.3
      d3-array:
        specifier: ^3.2.4
        version: 3.2.4
      d3-scale:
        specifier: ^4.0.2
        version: 4.0.2
    devDependencies:
      '@types/d3-array':
        specifier: ^3.0.4
        version: 3.2.2
      '@types/d3-scale':
        specifier: ^3.3.3
        version: 3.3.5
      typescript:
        specifier: ~5.8.3
        version: 5.8.3
      vite:
        specifier: npm:rolldown-vite@7.1.12
        version: rolldown-vite@7.1.12

packages:

  '@emnapi/core@1.5.0':
    resolution: {integrity: sha512-sbP8GzB1WDzacS8fgNPpHlp6C9VZe+SJP3F90W9rLemaQj2PzIuTEl1qDOYQf58YIpyjViI24y9aPWCjEzY2cg==}

  '@emnapi/runtime@1.5.0':
    resolution: {integrity: sha512-97/BJ3iXHww3djw6hYIfErCZFee7qCtrneuLa20UXFCOTCfBM2cvQHjWJ2EG0s0MtdNwInarqCTz35i4wWXHsQ==}

  '@emnapi/wasi-threads@1.1.0':
    resolution: {integrity: sha512-WI0DdZ8xFSbgMjR1sFsKABJ/C5OnRrjT06JXbZKexJGrDuPTzZdDYfFlsgcCXCyf+suG5QU2e/y1Wo2V/OapLQ==}

  '@napi-rs/wasm-runtime@1.0.5':
    resolution: {integrity: sha512-TBr9Cf9onSAS2LQ2+QHx6XcC6h9+RIzJgbqG3++9TUZSH204AwEy5jg3BTQ0VATsyoGj4ee49tN/y6rvaOOtcg==}

  '@oxc-project/runtime@0.90.0':
    resolution: {integrity: sha512-TfWn2tT97Weq1/1kTc+6ZeQ3TTj8350HoovtWaUYkX1nie7ONBqeMvudpluj4rmt2jc+l1QsBV/U70Oqsv1S4A==}
    engines: {node: ^20.19.0 || >=22.12.0}

  '@oxc-project/types@0.90.0':
    resolution: {integrity: sha512-fWvaufWUcLtm/OBKcNmxUkR0kQW5ZKAF0t03BXPqdzpxmnVCmSKzvUDRCOKnSagSfNzG/3ZdKpComH3GMy881g==}

  '@pixi/app@7.4.3':
    resolution: {integrity: sha512-opyWMuO0Ir8pf1DYUR++wAA6ZfNU+nIX2z95R2OD172HbcdhB4/HD7leLIIAny/LciEdMqlWEBhXK7N93YWbdg==}
    peerDependencies:
      '@pixi/core': 7.4.3
      '@pixi/display': 7.4.3

  '@pixi/color@7.4.3':
    resolution: {integrity: sha512-a6R+bXKeXMDcRmjYQoBIK+v2EYqxSX49wcjAY579EYM/WrFKS98nSees6lqVUcLKrcQh2DT9srJHX7XMny3voQ==}

  '@pixi/colord@2.9.6':
    resolution: {integrity: sha512-nezytU2pw587fQstUu1AsJZDVEynjskwOL+kibwcdxsMBFqPsFFNA7xl0ii/gXuDi6M0xj3mfRJj8pBSc2jCfA==}

  '@pixi/constants@7.4.3':
    resolution: {integrity: sha512-QGmwJUNQy/vVEHzL6VGQvnwawLZ1wceZMI8HwJAT4/I2uAzbBeFDdmCS8WsTpSWLZjF/DszDc1D8BFp4pVJ5UQ==}

  '@pixi/core@7.4.3':
    resolution: {integrity: sha512-5YDs11faWgVVTL8VZtLU05/Fl47vaP5Tnsbf+y/WRR0VSW3KhRRGTBU1J3Gdc2xEWbJhUK07KGP7eSZpvtPVgA==}

  '@pixi/display@7.4.3':
    resolution: {integrity: sha512-b5m2dAaoNAVdxz1oDaxl3XZ059NEOcNtGkxTOZ4EYCw/jcp9sZXkgSROHRzsGn4k+NugH7+9MP4Id2Z0kkdUhw==}
    peerDependencies:
      '@pixi/core': 7.4.3

  '@pixi/extensions@7.4.3':
    resolution: {integrity: sha512-FhoiYkHQEDYHUE7wXhqfsTRz6KxLXjuMbSiAwnLb9uG1vAgp6q6qd6HEsf4X30YaZbLFY8a4KY6hFZWjF+4Fdw==}

  '@pixi/filter-drop-shadow@5.2.0':
    resolution: {integrity: sha512-cYS2KDER7cwCu0V4VNSxTHGvzmNcEXdC9j3031YBOkUAE3+p17LMS/TAt6XeMfJV7KaPuusvXy2NFgGkv3RDbw==}
    peerDependencies:
      '@pixi/core': ^7.0.0-X

  '@pixi/filter-kawase-blur@5.1.1':
    resolution: {integrity: sha512-nPnJ1ChBFP+4pgFCwC0RJgHAJCetiHcQU3INH7zCdq88cFABmVmhN+wCKRNg4H7lF1EJjaXgFDkTrTreOD/bnw==}
    peerDependencies:
      '@pixi/core': ^7.0.0-X

  '@pixi/graphics@7.4.3':
    resolution: {integrity: sha512-wWLivD8/URb8A7X4TqCZGG39C91IE+aOuWY/z9NCz5Z6WvA/VWnsc5fLTlO+ggjGHgKF0cSucCXZfUe1wm0AOQ==}
    peerDependencies:
      '@pixi/core': 7.4.3
      '@pixi/display': 7.4.3
      '@pixi/sprite': 7.4.3

  '@pixi/math@7.4.3':
    resolution: {integrity: sha512-/uJOVhR2DOZ+zgdI6Bs/CwcXT4bNRKsS+TqX3ekRIxPCwaLra+Qdm7aDxT5cTToDzdxbKL5+rwiLu3Y1egILDw==}

  '@pixi/runner@7.4.3':
    resolution: {integrity: sha512-TJyfp7y23u5vvRAyYhVSa7ytq0PdKSvPLXu4G3meoFh1oxTLHH6g/RIzLuxUAThPG2z7ftthuW3qWq6dRV+dhw==}

  '@pixi/settings@7.4.3':
    resolution: {integrity: sha512-SmGK8smc0PxRB9nr0UJioEtE9hl4gvj9OedCvZx3bxBwA3omA5BmP3CyhQfN8XJ29+o2OUL01r3zAPVol4l4lA==}

  '@pixi/sprite@7.4.3':
    resolution: {integrity: sha512-iNBrpOFF9nXDT6m2jcyYy6l/sRzklLDDck1eFHprHZwvNquY2nzRfh+RGBCecxhBcijiLJ3fsZN33fP0LDXkvw==}
    peerDependencies:
      '@pixi/core': 7.4.3
      '@pixi/display': 7.4.3

  '@pixi/text@7.4.3':
    resolution: {integrity: sha512-IAF0iu04rPg3oiL0HZsEZI44fpJxq3UZ4xTmx8l1RyhhSXiElLvvSlSH57vt/BKMQZtCs+AqEit7yn8heK2+nQ==}
    peerDependencies:
      '@pixi/core': 7.4.3
      '@pixi/sprite': 7.4.3

  '@pixi/ticker@7.4.3':
    resolution: {integrity: sha512-tHsAD0iOUb6QSGGw+c8cyRBvxsq/NlfzIFBZLEHhWZ+Bx4a0MmXup6I/yJDGmyPCYE+ctCcAfY13wKAzdiVFgQ==}

  '@pixi/utils@7.4.3':
    resolution: {integrity: sha512-NO3Y9HAn2UKS1YdxffqsPp+kDpVm8XWvkZcS/E+rBzY9VTLnNOI7cawSRm+dacdET3a8Jad3aDKEDZ0HmAqAFA==}

  '@rolldown/binding-android-arm64@1.0.0-beta.39':
    resolution: {integrity: sha512-mjraAJQ3VRLPb3BUgVigHvmAYhiBpEeSM0dhvaO6XHtJ0k1o9Ng1Z6Qvlp4/1wDiUf7a10L5c3yleoGZ2r0Maw==}
    engines: {node: ^20.19.0 || >=22.12.0}
    cpu: [arm64]
    os: [android]

  '@rolldown/binding-darwin-arm64@1.0.0-beta.39':
    resolution: {integrity: sha512-tnuiLq9vd08KsZeFkFgzCXVKsTgSZGn+YBQjHSEiUvXJy5pfUf82X/YyLCG8P6I+WDd2cgrcLilMBQPZgaNwkg==}
    engines: {node: ^20.19.0 || >=22.12.0}
    cpu: [arm64]
    os: [darwin]

  '@rolldown/binding-darwin-x64@1.0.0-beta.39':
    resolution: {integrity: sha512-wLFoB3ZM4AoeBlsP0eVbPzWfkEgvmnibMQEKUgWRfJnKhUWiSxl0kGdSw1fNYdX3KAqIeA5gPJNvSJmf6g5S3Q==}
    engines: {node: ^20.19.0 || >=22.12.0}
    cpu: [x64]
    os: [darwin]

  '@rolldown/binding-freebsd-x64@1.0.0-beta.39':
    resolution: {integrity: sha512-wzFZlixF9VMbyi++rHCU4Cy72SH11aBNnkadmvwTAbokwjYHi8NqxQ3/Lx00c700N6kwwuiTsbcGt5DEA9aROw==}
    engines: {node: ^20.19.0 || >=22.12.0}
    cpu: [x64]
    os: [freebsd]

  '@rolldown/binding-linux-arm-gnueabihf@1.0.0-beta.39':
    resolution: {integrity: sha512-eVnZcwGbje1uwdFjeQZQ6918RHgGIK7iTC+AoDsgetgAXQmQpnuWYQ9OWa5oTHNQyCkZbMfiHKgpkUPpceMecw==}
    engines: {node: ^20.19.0 || >=22.12.0}
    cpu: [arm]
    os: [linux]

  '@rolldown/binding-linux-arm64-gnu@1.0.0-beta.39':
    resolution: {integrity: sha512-Td96iRQA0nmRZM6kJ3+LDDKWLh4bl0zqeR+IYxXwPZBw4iXSREzXrcZ3QqgFHqnXPgryIJEW1U1Ebh2xf+b2UA==}
    engines: {node: ^20.19.0 || >=22.12.0}
    cpu: [arm64]
    os: [linux]

  '@rolldown/binding-linux-arm64-musl@1.0.0-beta.39':
    resolution: {integrity: sha512-bcSIh1TFUoPcexJH+gO1sE6wpSR0j3UpWBnjAwyM1PRKfjtqN4R9Du90ofH5KsR/A35FT3eP4mdnhMDTd5Yt+A==}
    engines: {node: ^20.19.0 || >=22.12.0}
    cpu: [arm64]
    os: [linux]

  '@rolldown/binding-linux-x64-gnu@1.0.0-beta.39':
    resolution: {integrity: sha512-tYEcZdVGovEemh7ELr+VUoezGkuBgRZYvDHHW/HVIw9LQW5HKLtBIGLzFlOfu/Lq5b9FlDKl+lrY6weviaNnKw==}
    engines: {node: ^20.19.0 || >=22.12.0}
    cpu: [x64]
    os: [linux]

  '@rolldown/binding-linux-x64-musl@1.0.0-beta.39':
    resolution: {integrity: sha512-xf9QdMC+qwQxtFAty/9RxgCLFdp9pFl09g86hxGPzlzCtHUjd+BmeUnUTXvVC8CHJLWECLQbFP6/233XHG0blA==}
    engines: {node: ^20.19.0 || >=22.12.0}
    cpu: [x64]
    os: [linux]

  '@rolldown/binding-openharmony-arm64@1.0.0-beta.39':
    resolution: {integrity: sha512-QCvN02VpE6zFYry0zAU+29D5+O9tJELNt+OjuCubilZdD/S8xFdho7qBJaa3YhFYyA9cReOMVH8Z8b3yWb4hcA==}
    engines: {node: ^20.19.0 || >=22.12.0}
    cpu: [arm64]
    os: [openharmony]

  '@rolldown/binding-wasm32-wasi@1.0.0-beta.39':
    resolution: {integrity: sha512-LFgshxApyBNiBHFVpun7tPrIQ4TvxW0f/endC5C4RzEHu7mxexBCQEkO5XrZ42Cr5DUY+ERNbkfNTUv+vVCaxQ==}
    engines: {node: '>=14.0.0'}
    cpu: [wasm32]

  '@rolldown/binding-win32-arm64-msvc@1.0.0-beta.39':
    resolution: {integrity: sha512-Mykirawg+s1e0uzVSEFhUBTShvXrOghPnyuLYkCfw8gzy8bMYiJuxsAfcopzZIIAVOHeSblJoiA/e7gYFjg8HA==}
    engines: {node: ^20.19.0 || >=22.12.0}
    cpu: [arm64]
    os: [win32]

  '@rolldown/binding-win32-ia32-msvc@1.0.0-beta.39':
    resolution: {integrity: sha512-4PQJfWx7mdzXbAa4y+3OSSo911BZyJ/Is4pJKiwcGUqtvY66MX7BqlNWMr9QAozArAGE2knDubLqCQwZpK631w==}
    engines: {node: ^20.19.0 || >=22.12.0}
    cpu: [ia32]
    os: [win32]

  '@rolldown/binding-win32-x64-msvc@1.0.0-beta.39':
    resolution: {integrity: sha512-0zmmPOWbFfp1g9ofieimHwhuclZMcib0HL52Q+JTRpOHChI2f83TtH3duKWtAaxqhLUndTr/Z5sxzb+G2FNL9g==}
    engines: {node: ^20.19.0 || >=22.12.0}
    cpu: [x64]
    os: [win32]

  '@rolldown/pluginutils@1.0.0-beta.39':
    resolution: {integrity: sha512-GkTtNCV8ObWbq3LrJStPBv9jkRPct8WlwotVjx3aU0RwfH3LyheixWK9Zhaj22C4EQj/TJxYyetoX+uOn/MWKw==}

  '@tybys/wasm-util@0.10.1':
    resolution: {integrity: sha512-9tTaPJLSiejZKx+Bmog4uSubteqTvFrVrURwkmHixBo0G4seD0zUxp98E1DzUBJxLQ3NPwXrGKDiVjwx/DpPsg==}

  '@types/css-font-loading-module@0.0.12':
    resolution: {integrity: sha512-x2tZZYkSxXqWvTDgveSynfjq/T2HyiZHXb00j/+gy19yp70PHCizM48XFdjBCWH7eHBD0R5i/pw9yMBP/BH5uA==}

  '@types/d3-array@3.2.2':
    resolution: {integrity: sha512-hOLWVbm7uRza0BYXpIIW5pxfrKe0W+D5lrFiAEYR+pb6w3N2SwSMaJbXdUfSEv+dT4MfHBLtn5js0LAWaO6otw==}

  '@types/d3-scale@3.3.5':
    resolution: {integrity: sha512-YOpKj0kIEusRf7ofeJcSZQsvKbnTwpe1DUF+P2qsotqG53kEsjm7EzzliqQxMkAWdkZcHrg5rRhB4JiDOQPX+A==}

  '@types/d3-time@2.1.4':
    resolution: {integrity: sha512-BTfLsxTeo7yFxI/haOOf1ZwJ6xKgQLT9dCp+EcmQv87Gox6X+oKl4mLKfO6fnWm3P22+A6DknMNEZany8ql2Rw==}

  '@types/earcut@2.1.4':
    resolution: {integrity: sha512-qp3m9PPz4gULB9MhjGID7wpo3gJ4bTGXm7ltNDsmOvsPduTeHp8wSW9YckBj3mljeOh4F0m2z/0JKAALRKbmLQ==}

  ansis@4.1.0:
    resolution: {integrity: sha512-BGcItUBWSMRgOCe+SVZJ+S7yTRG0eGt9cXAHev72yuGcY23hnLA7Bky5L/xLyPINoSN95geovfBkqoTlNZYa7w==}
    engines: {node: '>=14'}

  call-bind-apply-helpers@1.0.2:
    resolution: {integrity: sha512-Sp1ablJ0ivDkSzjcaJdxEunN5/XvksFJ2sMBFfq6x0ryhQV/2b/KwFe21cMpmHtPOSij8K99/wSfoEuTObmuMQ==}
    engines: {node: '>= 0.4'}

  call-bound@1.0.4:
    resolution: {integrity: sha512-+ys997U96po4Kx/ABpBCqhA9EuxJaQWDQg7295H4hBphv3IZg0boBKuwYpt4YXp6MZ5AmZQnU/tyMTlRpaSejg==}
    engines: {node: '>= 0.4'}

  d3-array@3.2.4:
    resolution: {integrity: sha512-tdQAmyA18i4J7wprpYq8ClcxZy3SC31QMeByyCFyRt7BVHdREQZ5lpzoe5mFEYZUWe+oq8HBvk9JjpibyEV4Jg==}
    engines: {node: '>=12'}

  d3-color@3.1.0:
    resolution: {integrity: sha512-zg/chbXyeBtMQ1LbD/WSoW2DpC3I0mpmPdW+ynRTj/x2DAWYrIY7qeZIHidozwV24m4iavr15lNwIwLxRmOxhA==}
    engines: {node: '>=12'}

  d3-format@3.1.0:
    resolution: {integrity: sha512-YyUI6AEuY/Wpt8KWLgZHsIU86atmikuoOmCfommt0LYHiQSPjvX2AcFc38PX0CBpr2RCyZhjex+NS/LPOv6YqA==}
    engines: {node: '>=12'}

  d3-interpolate@3.0.1:
    resolution: {integrity: sha512-3bYs1rOD33uo8aqJfKP3JWPAibgw8Zm2+L9vBKEHJ2Rg+viTR7o5Mmv5mZcieN+FRYaAOWX5SJATX6k1PWz72g==}
    engines: {node: '>=12'}

  d3-scale@4.0.2:
    resolution: {integrity: sha512-GZW464g1SH7ag3Y7hXjf8RoUuAFIqklOAq3MRl4OaWabTFJY9PN/E1YklhXLh+OQ3fM9yS2nOkCoS+WLZ6kvxQ==}
    engines: {node: '>=12'}

  d3-time-format@4.1.0:
    resolution: {integrity: sha512-dJxPBlzC7NugB2PDLwo9Q8JiTR3M3e4/XANkreKSUxF8vvXKqm1Yfq4Q5dl8budlunRVlUUaDUgFt7eA8D6NLg==}
    engines: {node: '>=12'}

  d3-time@3.1.0:
    resolution: {integrity: sha512-VqKjzBLejbSMT4IgbmVgDjpkYrNWUYJnbCGo874u7MMKIWsILRX+OpX/gTk8MqjpT1A/c6HY2dCA77ZN0lkQ2Q==}
    engines: {node: '>=12'}

  detect-libc@2.1.0:
    resolution: {integrity: sha512-vEtk+OcP7VBRtQZ1EJ3bdgzSfBjgnEalLTp5zjJrS+2Z1w2KZly4SBdac/WDU3hhsNAZ9E8SC96ME4Ey8MZ7cg==}
    engines: {node: '>=8'}

  dunder-proto@1.0.1:
    resolution: {integrity: sha512-KIN/nDJBQRcXw0MLVhZE9iQHmG68qAVIBg9CqmUYjmQIhgij9U5MFvrqkUL5FbtyyzZuOeOt0zdeRe4UY7ct+A==}
    engines: {node: '>= 0.4'}

  earcut@2.2.4:
    resolution: {integrity: sha512-/pjZsA1b4RPHbeWZQn66SWS8nZZWLQQ23oE3Eam7aroEFGEvwKAsJfZ9ytiEMycfzXWpca4FA9QIOehf7PocBQ==}

  es-define-property@1.0.1:
    resolution: {integrity: sha512-e3nRfgfUZ4rNGL232gUgX06QNyyez04KdjFrF+LTRoOXmrOgFKDg4BCdsjW8EnT69eqdYGmRpJwiPVYNrCaW3g==}
    engines: {node: '>= 0.4'}

  es-errors@1.3.0:
    resolution: {integrity: sha512-Zf5H2Kxt2xjTvbJvP2ZWLEICxA6j+hAmMzIlypy4xcBg1vKVnx89Wy0GbS+kf5cwCVFFzdCFh2XSCFNULS6csw==}
    engines: {node: '>= 0.4'}

  es-object-atoms@1.1.1:
    resolution: {integrity: sha512-FGgH2h8zKNim9ljj7dankFPcICIK9Cp5bm+c2gQSYePhpaG5+esrLODihIorn+Pe6FGJzWhXQotPv73jTaldXA==}
    engines: {node: '>= 0.4'}

  eventemitter3@4.0.7:
    resolution: {integrity: sha512-8guHBZCwKnFhYdHr2ysuRWErTwhoN2X8XELRlrRwpmfeY2jjuUN4taQMsULKUVo1K4DvZl+0pgfyoysHxvmvEw==}

  fdir@6.5.0:
    resolution: {integrity: sha512-tIbYtZbucOs0BRGqPJkshJUYdL+SDH7dVM8gjy+ERp3WAUjLEFJE+02kanyHtwjWOnwrKYBiwAmM0p4kLJAnXg==}
    engines: {node: '>=12.0.0'}
    peerDependencies:
      picomatch: ^3 || ^4
    peerDependenciesMeta:
      picomatch:
        optional: true

  fsevents@2.3.3:
    resolution: {integrity: sha512-5xoDfX+fL7faATnagmWPpbFtwh/R77WmMMqqHGS65C3vvB0YHrgF+B1YmZ3441tMj5n63k0212XNoJwzlhffQw==}
    engines: {node: ^8.16.0 || ^10.6.0 || >=11.0.0}
    os: [darwin]

  function-bind@1.1.2:
    resolution: {integrity: sha512-7XHNxH7qX9xG5mIwxkhumTox/MIRNcOgDrxWsMt2pAr23WHp6MrRlN7FBSFpCpr+oVO0F744iUgR82nJMfG2SA==}

  get-intrinsic@1.3.0:
    resolution: {integrity: sha512-9fSjSaos/fRIVIp+xSJlE6lfwhES7LNtKaCBIamHsjr2na1BiABJPo0mOjjz8GJDURarmCPGqaiVg5mfjb98CQ==}
    engines: {node: '>= 0.4'}

  get-proto@1.0.1:
    resolution: {integrity: sha512-sTSfBjoXBp89JvIKIefqw7U2CCebsc74kiY6awiGogKtoSGbgjYE/G/+l9sF3MWFPNc9IcoOC4ODfKHfxFmp0g==}
    engines: {node: '>= 0.4'}

  gopd@1.2.0:
    resolution: {integrity: sha512-ZUKRh6/kUFoAiTAtTYPZJ3hw9wNxx+BIBOijnlG9PnrJsCcSjs1wyyD6vJpaYtgnzDrKYRSqf3OO6Rfa93xsRg==}
    engines: {node: '>= 0.4'}

  has-symbols@1.1.0:
    resolution: {integrity: sha512-1cDNdwJ2Jaohmb3sg4OmKaMBwuC48sYni5HUw2DvsC8LjGTLK9h+eb1X6RyuOHe4hT0ULCW68iomhjUoKUqlPQ==}
    engines: {node: '>= 0.4'}

  hasown@2.0.2:
    resolution: {integrity: sha512-0hJU9SCPvmMzIBdZFqNPXWa6dqh7WdH0cII9y+CyS8rG3nL48Bclra9HmKhVVUHyPWNH5Y7xDwAB7bfgSjkUMQ==}
    engines: {node: '>= 0.4'}

  internmap@2.0.3:
    resolution: {integrity: sha512-5Hh7Y1wQbvY5ooGgPbDaL5iYLAPzMTUrjMulskHLH6wnv/A+1q5rgEaiuqEjB+oxGXIVZs1FF+R/KPN3ZSQYYg==}
    engines: {node: '>=12'}

  ismobilejs@1.1.1:
    resolution: {integrity: sha512-VaFW53yt8QO61k2WJui0dHf4SlL8lxBofUuUmwBo0ljPk0Drz2TiuDW4jo3wDcv41qy/SxrJ+VAzJ/qYqsmzRw==}

  lightningcss-darwin-arm64@1.30.1:
    resolution: {integrity: sha512-c8JK7hyE65X1MHMN+Viq9n11RRC7hgin3HhYKhrMyaXflk5GVplZ60IxyoVtzILeKr+xAJwg6zK6sjTBJ0FKYQ==}
    engines: {node: '>= 12.0.0'}
    cpu: [arm64]
    os: [darwin]

  lightningcss-darwin-x64@1.30.1:
    resolution: {integrity: sha512-k1EvjakfumAQoTfcXUcHQZhSpLlkAuEkdMBsI/ivWw9hL+7FtilQc0Cy3hrx0AAQrVtQAbMI7YjCgYgvn37PzA==}
    engines: {node: '>= 12.0.0'}
    cpu: [x64]
    os: [darwin]

  lightningcss-freebsd-x64@1.30.1:
    resolution: {integrity: sha512-kmW6UGCGg2PcyUE59K5r0kWfKPAVy4SltVeut+umLCFoJ53RdCUWxcRDzO1eTaxf/7Q2H7LTquFHPL5R+Gjyig==}
    engines: {node: '>= 12.0.0'}
    cpu: [x64]
    os: [freebsd]

  lightningcss-linux-arm-gnueabihf@1.30.1:
    resolution: {integrity: sha512-MjxUShl1v8pit+6D/zSPq9S9dQ2NPFSQwGvxBCYaBYLPlCWuPh9/t1MRS8iUaR8i+a6w7aps+B4N0S1TYP/R+Q==}
    engines: {node: '>= 12.0.0'}
    cpu: [arm]
    os: [linux]

  lightningcss-linux-arm64-gnu@1.30.1:
    resolution: {integrity: sha512-gB72maP8rmrKsnKYy8XUuXi/4OctJiuQjcuqWNlJQ6jZiWqtPvqFziskH3hnajfvKB27ynbVCucKSm2rkQp4Bw==}
    engines: {node: '>= 12.0.0'}
    cpu: [arm64]
    os: [linux]

  lightningcss-linux-arm64-musl@1.30.1:
    resolution: {integrity: sha512-jmUQVx4331m6LIX+0wUhBbmMX7TCfjF5FoOH6SD1CttzuYlGNVpA7QnrmLxrsub43ClTINfGSYyHe2HWeLl5CQ==}
    engines: {node: '>= 12.0.0'}
    cpu: [arm64]
    os: [linux]

  lightningcss-linux-x64-gnu@1.30.1:
    resolution: {integrity: sha512-piWx3z4wN8J8z3+O5kO74+yr6ze/dKmPnI7vLqfSqI8bccaTGY5xiSGVIJBDd5K5BHlvVLpUB3S2YCfelyJ1bw==}
    engines: {node: '>= 12.0.0'}
    cpu: [x64]
    os: [linux]

  lightningcss-linux-x64-musl@1.30.1:
    resolution: {integrity: sha512-rRomAK7eIkL+tHY0YPxbc5Dra2gXlI63HL+v1Pdi1a3sC+tJTcFrHX+E86sulgAXeI7rSzDYhPSeHHjqFhqfeQ==}
    engines: {node: '>= 12.0.0'}
    cpu: [x64]
    os: [linux]

  lightningcss-win32-arm64-msvc@1.30.1:
    resolution: {integrity: sha512-mSL4rqPi4iXq5YVqzSsJgMVFENoa4nGTT/GjO2c0Yl9OuQfPsIfncvLrEW6RbbB24WtZ3xP/2CCmI3tNkNV4oA==}
    engines: {node: '>= 12.0.0'}
    cpu: [arm64]
    os: [win32]

  lightningcss-win32-x64-msvc@1.30.1:
    resolution: {integrity: sha512-PVqXh48wh4T53F/1CCu8PIPCxLzWyCnn/9T5W1Jpmdy5h9Cwd+0YQS6/LwhHXSafuc61/xg9Lv5OrCby6a++jg==}
    engines: {node: '>= 12.0.0'}
    cpu: [x64]
    os: [win32]

  lightningcss@1.30.1:
    resolution: {integrity: sha512-xi6IyHML+c9+Q3W0S4fCQJOym42pyurFiJUHEcEyHS0CeKzia4yZDEsLlqOFykxOdHpNy0NmvVO31vcSqAxJCg==}
    engines: {node: '>= 12.0.0'}

  math-intrinsics@1.1.0:
    resolution: {integrity: sha512-/IXtbwEk5HTPyEwyKX6hGkYXxM9nbj64B+ilVJnC/R6B0pH5G4V3b0pVbL7DBj4tkhBAppbQUlf6F6Xl9LHu1g==}
    engines: {node: '>= 0.4'}

  nanoid@3.3.11:
    resolution: {integrity: sha512-N8SpfPUnUp1bK+PMYW8qSWdl9U+wwNWI4QKxOYDy9JAro3WMX7p2OeVRF9v+347pnakNevPmiHhNmZ2HbFA76w==}
    engines: {node: ^10 || ^12 || ^13.7 || ^14 || >=15.0.1}
    hasBin: true

  object-inspect@1.13.4:
    resolution: {integrity: sha512-W67iLl4J2EXEGTbfeHCffrjDfitvLANg0UlX3wFUUSTx92KXRFegMHUVgSqE+wvhAbi4WqjGg9czysTV2Epbew==}
    engines: {node: '>= 0.4'}

  picocolors@1.1.1:
    resolution: {integrity: sha512-xceH2snhtb5M9liqDsmEw56le376mTZkEX/jEb/RxNFyegNul7eNslCXP9FDj/Lcu0X8KEyMceP2ntpaHrDEVA==}

  picomatch@4.0.3:
    resolution: {integrity: sha512-5gTmgEY/sqK6gFXLIsQNH19lWb4ebPDLA4SdLP7dsWkIXHWlG66oPuVvXSGFPppYZz8ZDZq0dYYrbHfBCVUb1Q==}
    engines: {node: '>=12'}

  postcss@8.5.6:
    resolution: {integrity: sha512-3Ybi1tAuwAP9s0r1UQ2J4n5Y0G05bJkpUIO0/bI9MhwmD70S5aTWbXGBwxHrelT+XM1k6dM0pk+SwNkpTRN7Pg==}
    engines: {node: ^10 || ^12 || >=14}

  punycode@1.4.1:
    resolution: {integrity: sha512-jmYNElW7yvO7TV33CjSmvSiE2yco3bV2czu/OzDKdMNVZQWfxCblURLhf+47syQRBntjfLdd/H0egrzIG+oaFQ==}

  qs@6.14.0:
    resolution: {integrity: sha512-YWWTjgABSKcvs/nWBi9PycY/JiPJqOD4JA6o9Sej2AtvSGarXxKC3OQSk4pAarbdQlKAh5D4FCQkJNkW+GAn3w==}
    engines: {node: '>=0.6'}

  rolldown-vite@7.1.12:
    resolution: {integrity: sha512-JREtUS+Lpa3s5Ha3ajf2F4LMS4BFxlVjpGz0k0ZR8rV3ZO3tzk5hukqyi9yRBcrvnTUg/BEForyCDahALFYAZA==}
    engines: {node: ^20.19.0 || >=22.12.0}
    hasBin: true
    peerDependencies:
      '@types/node': ^20.19.0 || >=22.12.0
      esbuild: ^0.25.0
      jiti: '>=1.21.0'
      less: ^4.0.0
      sass: ^1.70.0
      sass-embedded: ^1.70.0
      stylus: '>=0.54.8'
      sugarss: ^5.0.0
      terser: ^5.16.0
      tsx: ^4.8.1
      yaml: ^2.4.2
    peerDependenciesMeta:
      '@types/node':
        optional: true
      esbuild:
        optional: true
      jiti:
        optional: true
      less:
        optional: true
      sass:
        optional: true
      sass-embedded:
        optional: true
      stylus:
        optional: true
      sugarss:
        optional: true
      terser:
        optional: true
      tsx:
        optional: true
      yaml:
        optional: true

  rolldown@1.0.0-beta.39:
    resolution: {integrity: sha512-05bTT0CJU9dvCRC0Uc4zwB79W5N9MV9OG/Inyx8KNE2pSrrApJoWxEEArW6rmjx113HIx5IreCoTjzLfgvXTdg==}
    engines: {node: ^20.19.0 || >=22.12.0}
    hasBin: true

  side-channel-list@1.0.0:
    resolution: {integrity: sha512-FCLHtRD/gnpCiCHEiJLOwdmFP+wzCmDEkc9y7NsYxeF4u7Btsn1ZuwgwJGxImImHicJArLP4R0yX4c2KCrMrTA==}
    engines: {node: '>= 0.4'}

  side-channel-map@1.0.1:
    resolution: {integrity: sha512-VCjCNfgMsby3tTdo02nbjtM/ewra6jPHmpThenkTYh8pG9ucZ/1P8So4u4FGBek/BjpOVsDCMoLA/iuBKIFXRA==}
    engines: {node: '>= 0.4'}

  side-channel-weakmap@1.0.2:
    resolution: {integrity: sha512-WPS/HvHQTYnHisLo9McqBHOJk2FkHO/tlpvldyrnem4aeQp4hai3gythswg6p01oSoTl58rcpiFAjF2br2Ak2A==}
    engines: {node: '>= 0.4'}

  side-channel@1.1.0:
    resolution: {integrity: sha512-ZX99e6tRweoUXqR+VBrslhda51Nh5MTQwou5tnUDgbtyM0dBgmhEDtWGP/xbKn6hqfPRHujUNwz5fy/wbbhnpw==}
    engines: {node: '>= 0.4'}

  source-map-js@1.2.1:
    resolution: {integrity: sha512-UXWMKhLOwVKb728IUtQPXxfYU+usdybtUrK/8uGE8CQMvrhOpwvzDBwj0QhSL7MQc7vIsISBG8VQ8+IDQxpfQA==}
    engines: {node: '>=0.10.0'}

  tinyglobby@0.2.15:
    resolution: {integrity: sha512-j2Zq4NyQYG5XMST4cbs02Ak8iJUdxRM0XI5QyxXuZOzKOINmWurp3smXu3y5wDcJrptwpSjgXHzIQxR0omXljQ==}
    engines: {node: '>=12.0.0'}

  tslib@2.8.1:
    resolution: {integrity: sha512-oJFu94HQb+KVduSUQL7wnpmqnfmLsOA/nAh6b6EH0wCEoK0/mPeXU6c3wKDV83MkOuHPRHtSXKKU99IBazS/2w==}

  typescript@5.8.3:
    resolution: {integrity: sha512-p1diW6TqL9L07nNxvRMM7hMMw4c5XOo/1ibL4aAIGmSAt9slTE1Xgw5KWuof2uTOvCg9BY7ZRi+GaF+7sfgPeQ==}
    engines: {node: '>=14.17'}
    hasBin: true

  url@0.11.4:
    resolution: {integrity: sha512-oCwdVC7mTuWiPyjLUz/COz5TLk6wgp0RCsN+wHZ2Ekneac9w8uuV0njcbbie2ME+Vs+d6duwmYuR3HgQXs1fOg==}
    engines: {node: '>= 0.4'}

snapshots:

  '@emnapi/core@1.5.0':
    dependencies:
      '@emnapi/wasi-threads': 1.1.0
      tslib: 2.8.1
    optional: true

  '@emnapi/runtime@1.5.0':
    dependencies:
      tslib: 2.8.1
    optional: true

  '@emnapi/wasi-threads@1.1.0':
    dependencies:
      tslib: 2.8.1
    optional: true

  '@napi-rs/wasm-runtime@1.0.5':
    dependencies:
      '@emnapi/core': 1.5.0
      '@emnapi/runtime': 1.5.0
      '@tybys/wasm-util': 0.10.1
    optional: true

  '@oxc-project/runtime@0.90.0': {}

  '@oxc-project/types@0.90.0': {}

  '@pixi/app@7.4.3(@pixi/core@7.4.3)(@pixi/display@7.4.3(@pixi/core@7.4.3))':
    dependencies:
      '@pixi/core': 7.4.3
      '@pixi/display': 7.4.3(@pixi/core@7.4.3)

  '@pixi/color@7.4.3':
    dependencies:
      '@pixi/colord': 2.9.6

  '@pixi/colord@2.9.6': {}

  '@pixi/constants@7.4.3': {}

  '@pixi/core@7.4.3':
    dependencies:
      '@pixi/color': 7.4.3
      '@pixi/constants': 7.4.3
      '@pixi/extensions': 7.4.3
      '@pixi/math': 7.4.3
      '@pixi/runner': 7.4.3
      '@pixi/settings': 7.4.3
      '@pixi/ticker': 7.4.3
      '@pixi/utils': 7.4.3

  '@pixi/display@7.4.3(@pixi/core@7.4.3)':
    dependencies:
      '@pixi/core': 7.4.3

  '@pixi/extensions@7.4.3': {}

  '@pixi/filter-drop-shadow@5.2.0(@pixi/core@7.4.3)':
    dependencies:
      '@pixi/core': 7.4.3
      '@pixi/filter-kawase-blur': 5.1.1(@pixi/core@7.4.3)

  '@pixi/filter-kawase-blur@5.1.1(@pixi/core@7.4.3)':
    dependencies:
      '@pixi/core': 7.4.3

  '@pixi/graphics@7.4.3(@pixi/core@7.4.3)(@pixi/display@7.4.3(@pixi/core@7.4.3))(@pixi/sprite@7.4.3(@pixi/core@7.4.3)(@pixi/display@7.4.3(@pixi/core@7.4.3)))':
    dependencies:
      '@pixi/core': 7.4.3
      '@pixi/display': 7.4.3(@pixi/core@7.4.3)
      '@pixi/sprite': 7.4.3(@pixi/core@7.4.3)(@pixi/display@7.4.3(@pixi/core@7.4.3))

  '@pixi/math@7.4.3': {}

  '@pixi/runner@7.4.3': {}

  '@pixi/settings@7.4.3':
    dependencies:
      '@pixi/constants': 7.4.3
      '@types/css-font-loading-module': 0.0.12
      ismobilejs: 1.1.1

  '@pixi/sprite@7.4.3(@pixi/core@7.4.3)(@pixi/display@7.4.3(@pixi/core@7.4.3))':
    dependencies:
      '@pixi/core': 7.4.3
      '@pixi/display': 7.4.3(@pixi/core@7.4.3)

  '@pixi/text@7.4.3(@pixi/core@7.4.3)(@pixi/sprite@7.4.3(@pixi/core@7.4.3)(@pixi/display@7.4.3(@pixi/core@7.4.3)))':
    dependencies:
      '@pixi/core': 7.4.3
      '@pixi/sprite': 7.4.3(@pixi/core@7.4.3)(@pixi/display@7.4.3(@pixi/core@7.4.3))

  '@pixi/ticker@7.4.3':
    dependencies:
      '@pixi/extensions': 7.4.3
      '@pixi/settings': 7.4.3
      '@pixi/utils': 7.4.3

  '@pixi/utils@7.4.3':
    dependencies:
      '@pixi/color': 7.4.3
      '@pixi/constants': 7.4.3
      '@pixi/settings': 7.4.3
      '@types/earcut': 2.1.4
      earcut: 2.2.4
      eventemitter3: 4.0.7
      url: 0.11.4

  '@rolldown/binding-android-arm64@1.0.0-beta.39':
    optional: true

  '@rolldown/binding-darwin-arm64@1.0.0-beta.39':
    optional: true

  '@rolldown/binding-darwin-x64@1.0.0-beta.39':
    optional: true

  '@rolldown/binding-freebsd-x64@1.0.0-beta.39':
    optional: true

  '@rolldown/binding-linux-arm-gnueabihf@1.0.0-beta.39':
    optional: true

  '@rolldown/binding-linux-arm64-gnu@1.0.0-beta.39':
    optional: true

  '@rolldown/binding-linux-arm64-musl@1.0.0-beta.39':
    optional: true

  '@rolldown/binding-linux-x64-gnu@1.0.0-beta.39':
    optional: true

  '@rolldown/binding-linux-x64-musl@1.0.0-beta.39':
    optional: true

  '@rolldown/binding-openharmony-arm64@1.0.0-beta.39':
    optional: true

  '@rolldown/binding-wasm32-wasi@1.0.0-beta.39':
    dependencies:
      '@napi-rs/wasm-runtime': 1.0.5
    optional: true

  '@rolldown/binding-win32-arm64-msvc@1.0.0-beta.39':
    optional: true

  '@rolldown/binding-win32-ia32-msvc@1.0.0-beta.39':
    optional: true

  '@rolldown/binding-win32-x64-msvc@1.0.0-beta.39':
    optional: true

  '@rolldown/pluginutils@1.0.0-beta.39': {}

  '@tybys/wasm-util@0.10.1':
    dependencies:
      tslib: 2.8.1
    optional: true

  '@types/css-font-loading-module@0.0.12': {}

  '@types/d3-array@3.2.2': {}

  '@types/d3-scale@3.3.5':
    dependencies:
      '@types/d3-time': 2.1.4

  '@types/d3-time@2.1.4': {}

  '@types/earcut@2.1.4': {}

  ansis@4.1.0: {}

  call-bind-apply-helpers@1.0.2:
    dependencies:
      es-errors: 1.3.0
      function-bind: 1.1.2

  call-bound@1.0.4:
    dependencies:
      call-bind-apply-helpers: 1.0.2
      get-intrinsic: 1.3.0

  d3-array@3.2.4:
    dependencies:
      internmap: 2.0.3

  d3-color@3.1.0: {}

  d3-format@3.1.0: {}

  d3-interpolate@3.0.1:
    dependencies:
      d3-color: 3.1.0

  d3-scale@4.0.2:
    dependencies:
      d3-array: 3.2.4
      d3-format: 3.1.0
      d3-interpolate: 3.0.1
      d3-time: 3.1.0
      d3-time-format: 4.1.0

  d3-time-format@4.1.0:
    dependencies:
      d3-time: 3.1.0

  d3-time@3.1.0:
    dependencies:
      d3-array: 3.2.4

  detect-libc@2.1.0: {}

  dunder-proto@1.0.1:
    dependencies:
      call-bind-apply-helpers: 1.0.2
      es-errors: 1.3.0
      gopd: 1.2.0

  earcut@2.2.4: {}

  es-define-property@1.0.1: {}

  es-errors@1.3.0: {}

  es-object-atoms@1.1.1:
    dependencies:
      es-errors: 1.3.0

  eventemitter3@4.0.7: {}

  fdir@6.5.0(picomatch@4.0.3):
    optionalDependencies:
      picomatch: 4.0.3

  fsevents@2.3.3:
    optional: true

  function-bind@1.1.2: {}

  get-intrinsic@1.3.0:
    dependencies:
      call-bind-apply-helpers: 1.0.2
      es-define-property: 1.0.1
      es-errors: 1.3.0
      es-object-atoms: 1.1.1
      function-bind: 1.1.2
      get-proto: 1.0.1
      gopd: 1.2.0
      has-symbols: 1.1.0
      hasown: 2.0.2
      math-intrinsics: 1.1.0

  get-proto@1.0.1:
    dependencies:
      dunder-proto: 1.0.1
      es-object-atoms: 1.1.1

  gopd@1.2.0: {}

  has-symbols@1.1.0: {}

  hasown@2.0.2:
    dependencies:
      function-bind: 1.1.2

  internmap@2.0.3: {}

  ismobilejs@1.1.1: {}

  lightningcss-darwin-arm64@1.30.1:
    optional: true

  lightningcss-darwin-x64@1.30.1:
    optional: true

  lightningcss-freebsd-x64@1.30.1:
    optional: true

  lightningcss-linux-arm-gnueabihf@1.30.1:
    optional: true

  lightningcss-linux-arm64-gnu@1.30.1:
    optional: true

  lightningcss-linux-arm64-musl@1.30.1:
    optional: true

  lightningcss-linux-x64-gnu@1.30.1:
    optional: true

  lightningcss-linux-x64-musl@1.30.1:
    optional: true

  lightningcss-win32-arm64-msvc@1.30.1:
    optional: true

  lightningcss-win32-x64-msvc@1.30.1:
    optional: true

  lightningcss@1.30.1:
    dependencies:
      detect-libc: 2.1.0
    optionalDependencies:
      lightningcss-darwin-arm64: 1.30.1
      lightningcss-darwin-x64: 1.30.1
      lightningcss-freebsd-x64: 1.30.1
      lightningcss-linux-arm-gnueabihf: 1.30.1
      lightningcss-linux-arm64-gnu: 1.30.1
      lightningcss-linux-arm64-musl: 1.30.1
      lightningcss-linux-x64-gnu: 1.30.1
      lightningcss-linux-x64-musl: 1.30.1
      lightningcss-win32-arm64-msvc: 1.30.1
      lightningcss-win32-x64-msvc: 1.30.1

  math-intrinsics@1.1.0: {}

  nanoid@3.3.11: {}

  object-inspect@1.13.4: {}

  picocolors@1.1.1: {}

  picomatch@4.0.3: {}

  postcss@8.5.6:
    dependencies:
      nanoid: 3.3.11
      picocolors: 1.1.1
      source-map-js: 1.2.1

  punycode@1.4.1: {}

  qs@6.14.0:
    dependencies:
      side-channel: 1.1.0

  rolldown-vite@7.1.12:
    dependencies:
      '@oxc-project/runtime': 0.90.0
      fdir: 6.5.0(picomatch@4.0.3)
      lightningcss: 1.30.1
      picomatch: 4.0.3
      postcss: 8.5.6
      rolldown: 1.0.0-beta.39
      tinyglobby: 0.2.15
    optionalDependencies:
      fsevents: 2.3.3

  rolldown@1.0.0-beta.39:
    dependencies:
      '@oxc-project/types': 0.90.0
      '@rolldown/pluginutils': 1.0.0-beta.39
      ansis: 4.1.0
    optionalDependencies:
      '@rolldown/binding-android-arm64': 1.0.0-beta.39
      '@rolldown/binding-darwin-arm64': 1.0.0-beta.39
      '@rolldown/binding-darwin-x64': 1.0.0-beta.39
      '@rolldown/binding-freebsd-x64': 1.0.0-beta.39
      '@rolldown/binding-linux-arm-gnueabihf': 1.0.0-beta.39
      '@rolldown/binding-linux-arm64-gnu': 1.0.0-beta.39
      '@rolldown/binding-linux-arm64-musl': 1.0.0-beta.39
      '@rolldown/binding-linux-x64-gnu': 1.0.0-beta.39
      '@rolldown/binding-linux-x64-musl': 1.0.0-beta.39
      '@rolldown/binding-openharmony-arm64': 1.0.0-beta.39
      '@rolldown/binding-wasm32-wasi': 1.0.0-beta.39
      '@rolldown/binding-win32-arm64-msvc': 1.0.0-beta.39
      '@rolldown/binding-win32-ia32-msvc': 1.0.0-beta.39
      '@rolldown/binding-win32-x64-msvc': 1.0.0-beta.39

  side-channel-list@1.0.0:
    dependencies:
      es-errors: 1.3.0
      object-inspect: 1.13.4

  side-channel-map@1.0.1:
    dependencies:
      call-bound: 1.0.4
      es-errors: 1.3.0
      get-intrinsic: 1.3.0
      object-inspect: 1.13.4

  side-channel-weakmap@1.0.2:
    dependencies:
      call-bound: 1.0.4
      es-errors: 1.3.0
      get-intrinsic: 1.3.0
      object-inspect: 1.13.4
      side-channel-map: 1.0.1

  side-channel@1.1.0:
    dependencies:
      es-errors: 1.3.0
      object-inspect: 1.13.4
      side-channel-list: 1.0.0
      side-channel-map: 1.0.1
      side-channel-weakmap: 1.0.2

  source-map-js@1.2.1: {}

  tinyglobby@0.2.15:
    dependencies:
      fdir: 6.5.0(picomatch@4.0.3)
      picomatch: 4.0.3

  tslib@2.8.1:
    optional: true

  typescript@5.8.3: {}

  url@0.11.4:
    dependencies:
      punycode: 1.4.1
      qs: 6.14.0
